# THIS IS AN AUTOGENERATED FILE. DO NOT EDIT THIS FILE DIRECTLY.
# yarn lockfile v1


browsersync@^0.0.1-security:
  version "0.0.1-security"
  resolved "https://si-devops-mirror.edf.fr/repository/registry.npmjs.org/browsersync/-/browsersync-0.0.1-security.tgz#e885fe4354d2ec5a565c38c4c2bf0a012ad64860"
  integrity sha1-6IX+Q1TS7FpWXDjEwr8KASrWSGA=
